
Microsoft Visual Studio Solution File, Format Version 12.00
# Visual Studio Version 16
VisualStudioVersion = 16.0.29509.3
MinimumVisualStudioVersion = 10.0.40219.1
Project("{FAE04EC0-301F-11D3-BF4B-00C04F79EFBC}") = "RSA", "RSA.csproj", "{57D3D0BC-06C1-48CE-9BDA-82B506CB63EE}"
EndProject
Global
	GlobalSection(SolutionConfigurationPlatforms) = preSolution
		Debug|Any CPU = Debug|Any CPU
		Release|Any CPU = Release|Any CPU
	EndGlobalSection
	GlobalSection(ProjectConfigurationPlatforms) = postSolution
		{57D3D0BC-06C1-48CE-9BDA-82B506CB63EE}.Debug|Any CPU.ActiveCfg = Debug|Any CPU
		{57D3D0BC-06C1-48CE-9BDA-82B506CB63EE}.Debug|Any CPU.Build.0 = Debug|Any CPU
		{57D3D0BC-06C1-48CE-9BDA-82B506CB63EE}.Release|Any CPU.ActiveCfg = Release|Any CPU
		{57D3D0BC-06C1-48CE-9BDA-82B506CB63EE}.Release|Any CPU.Build.0 = Release|Any CPU
	EndGlobalSection
	GlobalSection(SolutionProperties) = preSolution
		HideSolutionNode = FALSE
	EndGlobalSection
	GlobalSection(ExtensibilityGlobals) = postSolution
		SolutionGuid = {0E488837-3AE1-4AB1-BA98-DE16C1D55666}
	EndGlobalSection
EndGlobal
